<?xml version="1.0" encoding="utf-8"?>
<Project ToolsVersion="4.0" xmlns="http://schemas.microsoft.com/developer/msbuild/2003">
  <ItemGroup>
    <Filter Include="Header Files">
      <UniqueIdentifier>{93995380-89BD-4b04-88EB-625FBE52EBFB}</UniqueIdentifier>
      <Extensions>h;hpp;hxx;hm;inl;inc;xsd</Extensions>
    </Filter>
    <Filter Include="Resource Files">
      <UniqueIdentifier>{67DA6AB6-F800-4c08-8B7A-83BB121AAD01}</UniqueIdentifier>
      <Extensions>rc;ico;cur;bmp;dlg;rc2;rct;bin;rgs;gif;jpg;jpeg;jpe;resx</Extensions>
    </Filter>
    <Filter Include="Source Files">
      <UniqueIdentifier>{4FC737F1-C7A5-4376-A066-2A32D752A2FF}</UniqueIdentifier>
      <Extensions>cpp;c;cc;cxx;def;odl;idl;hpj;bat;asm;asmx</Extensions>
    </Filter>
    <Filter Include="GLSL">
      <UniqueIdentifier>{e0f9af6c-a784-4a6d-84a1-285a37c2ee5a}</UniqueIdentifier>
    </Filter>
  </ItemGroup>
  <ItemGroup>
    <ClInclude Include="config.hpp">
      <Filter>Header Files</Filter>
    </ClInclude>
    <ClInclude Include="glMandel.h">
      <Filter>Header Files</Filter>
    </ClInclude>
    <ClInclude Include="glMandelDlg.h">
      <Filter>Header Files</Filter>
    </ClInclude>
    <ClInclude Include="NeHeGL.h">
      <Filter>Header Files</Filter>
    </ClInclude>
    <ClInclude Include="Output.h">
      <Filter>Header Files</Filter>
    </ClInclude>
    <ClInclude Include="Resource.h">
      <Filter>Header Files</Filter>
    </ClInclude>
    <ClInclude Include="ShadersApp.hpp">
      <Filter>Header Files</Filter>
    </ClInclude>
    <ClInclude Include="stdafx.h">
      <Filter>Header Files</Filter>
    </ClInclude>
    <ClInclude Include="targetver.h">
      <Filter>Header Files</Filter>
    </ClInclude>
  </ItemGroup>
  <ItemGroup>
    <ResourceCompile Include="Mini-fractals_2010.rc">
      <Filter>Resource Files</Filter>
    </ResourceCompile>
  </ItemGroup>
  <ItemGroup>
    <None Include="CPOL-License.rtf" />
    <None Include="License-CPOL.txt" />
    <None Include="Mini-Fractals-Help.chm" />
    <None Include="ReadMe.txt" />
    <None Include="shaders\fractal.vs">
      <Filter>GLSL</Filter>
    </None>
    <None Include="shaders\shader-code-workspace.fs">
      <Filter>GLSL</Filter>
    </None>
    <None Include="res\Mini-Fractals_2010.rc2">
      <Filter>Resource Files</Filter>
    </None>
    <None Include="res\glMandel.ico">
      <Filter>Resource Files</Filter>
    </None>
    <None Include="res\Mini-Fractals-Logo-64x64.ico">
      <Filter>Resource Files</Filter>
    </None>
    <None Include="res\mec327.cur">
      <Filter>Resource Files</Filter>
    </None>
  </ItemGroup>
  <ItemGroup>
    <ClCompile Include="glMandel.cpp">
      <Filter>Source Files</Filter>
    </ClCompile>
    <ClCompile Include="glMandelDlg.cpp">
      <Filter>Source Files</Filter>
    </ClCompile>
    <ClCompile Include="Output.cpp">
      <Filter>Source Files</Filter>
    </ClCompile>
    <ClCompile Include="ShadersApp.cpp">
      <Filter>Source Files</Filter>
    </ClCompile>
    <ClCompile Include="stdafx.cpp">
      <Filter>Source Files</Filter>
    </ClCompile>
  </ItemGroup>
</Project>